
Microsoft Visual Studio Solution File, Format Version 12.00
# Visual Studio Version 17
VisualStudioVersion = 17.5.33530.505
MinimumVisualStudioVersion = 10.0.40219.1
Project("{FAE04EC0-301F-11D3-BF4B-00C04F79EFBC}") = "Flappy_Bird", "Flappy_Bird\Flappy_Bird.csproj", "{276FDCF5-0CD4-4716-A71A-4A9EF3929A26}"
EndProject
Global
	GlobalSection(SolutionConfigurationPlatforms) = preSolution
		Debug|Any CPU = Debug|Any CPU
		Release|Any CPU = Release|Any CPU
	EndGlobalSection
	GlobalSection(ProjectConfigurationPlatforms) = postSolution
		{276FDCF5-0CD4-4716-A71A-4A9EF3929A26}.Debug|Any CPU.ActiveCfg = Debug|Any CPU
		{276FDCF5-0CD4-4716-A71A-4A9EF3929A26}.Debug|Any CPU.Build.0 = Debug|Any CPU
		{276FDCF5-0CD4-4716-A71A-4A9EF3929A26}.Release|Any CPU.ActiveCfg = Release|Any CPU
		{276FDCF5-0CD4-4716-A71A-4A9EF3929A26}.Release|Any CPU.Build.0 = Release|Any CPU
	EndGlobalSection
	GlobalSection(SolutionProperties) = preSolution
		HideSolutionNode = FALSE
	EndGlobalSection
	GlobalSection(ExtensibilityGlobals) = postSolution
		SolutionGuid = {5274BD39-A10A-4209-8773-0436568ED280}
	EndGlobalSection
EndGlobal
